// !$*UTF8*$!
{
	archiveVersion = 1;
	classes = {
	};
	objectVersion = 55;
	objects = {

/* Begin PBXBuildFile section */
		B104D4C829F853C100F06480 /* PageModel.swift in Sources */ = {isa = PBXBuildFile; fileRef = B1752D4229A6A7810091E8A6 /* PageModel.swift */; };
		B104D4CA29F854E900F06480 /* PageViewModel.swift in Sources */ = {isa = PBXBuildFile; fileRef = B1752D4129A6A7810091E8A6 /* PageViewModel.swift */; };
		B10E7A8528622E8E00612409 /* DisplayQuotePageViewController.swift in Sources */ = {isa = PBXBuildFile; fileRef = B10E7A8428622E8E00612409 /* DisplayQuotePageViewController.swift */; };
		B10E7A8628622E8E00612409 /* DisplayQuotePageViewController.swift in Sources */ = {isa = PBXBuildFile; fileRef = B10E7A8428622E8E00612409 /* DisplayQuotePageViewController.swift */; };
		B10E7A8A28623EC500612409 /* DisplayQuoteDataViewController.swift in Sources */ = {isa = PBXBuildFile; fileRef = B10E7A8928623EC500612409 /* DisplayQuoteDataViewController.swift */; };
		B10E7A8B28623EC500612409 /* DisplayQuoteDataViewController.swift in Sources */ = {isa = PBXBuildFile; fileRef = B10E7A8928623EC500612409 /* DisplayQuoteDataViewController.swift */; };
		B10EE34C2860CFAC00799285 /* AppDelegate.swift in Sources */ = {isa = PBXBuildFile; fileRef = B10EE34B2860CFAC00799285 /* AppDelegate.swift */; };
		B10EE34E2860CFAC00799285 /* SceneDelegate.swift in Sources */ = {isa = PBXBuildFile; fileRef = B10EE34D2860CFAC00799285 /* SceneDelegate.swift */; };
		B10EE3502860CFAC00799285 /* ViewController.swift in Sources */ = {isa = PBXBuildFile; fileRef = B10EE34F2860CFAC00799285 /* ViewController.swift */; };
		B10EE3532860CFAC00799285 /* Main.storyboard in Resources */ = {isa = PBXBuildFile; fileRef = B10EE3512860CFAC00799285 /* Main.storyboard */; };
		B10EE3562860CFAC00799285 /* InspirationalQuotes.xcdatamodeld in Sources */ = {isa = PBXBuildFile; fileRef = B10EE3542860CFAC00799285 /* InspirationalQuotes.xcdatamodeld */; };
		B10EE3582860CFAF00799285 /* Assets.xcassets in Resources */ = {isa = PBXBuildFile; fileRef = B10EE3572860CFAF00799285 /* Assets.xcassets */; };
		B10EE35B2860CFAF00799285 /* LaunchScreen.storyboard in Resources */ = {isa = PBXBuildFile; fileRef = B10EE3592860CFAF00799285 /* LaunchScreen.storyboard */; };
		B10EE3662860CFAF00799285 /* InspirationalQuotesTests.swift in Sources */ = {isa = PBXBuildFile; fileRef = B10EE3652860CFAF00799285 /* InspirationalQuotesTests.swift */; };
		B10EE3702860CFAF00799285 /* InspirationalQuotesUITests.swift in Sources */ = {isa = PBXBuildFile; fileRef = B10EE36F2860CFAF00799285 /* InspirationalQuotesUITests.swift */; };
		B10EE3722860CFAF00799285 /* InspirationalQuotesUITestsLaunchTests.swift in Sources */ = {isa = PBXBuildFile; fileRef = B10EE3712860CFAF00799285 /* InspirationalQuotesUITestsLaunchTests.swift */; };
		B12C486B28B02C5E004A442D /* ReadMe.md in Resources */ = {isa = PBXBuildFile; fileRef = B12C486A28B02C5E004A442D /* ReadMe.md */; };
		B12CEC8A2A04532D0025A1DA /* APIDataRequest.swift in Sources */ = {isa = PBXBuildFile; fileRef = B12CEC892A04532D0025A1DA /* APIDataRequest.swift */; };
		B15FC9A52A05AB0C0032CACB /* PageViewModelTests.swift in Sources */ = {isa = PBXBuildFile; fileRef = B15FC9A42A05AB0C0032CACB /* PageViewModelTests.swift */; };
		B15FC9A62A05B39F0032CACB /* APIDataRequest.swift in Sources */ = {isa = PBXBuildFile; fileRef = B12CEC892A04532D0025A1DA /* APIDataRequest.swift */; };
		B15FC9A72A05B5DC0032CACB /* MockData.json in Sources */ = {isa = PBXBuildFile; fileRef = B1FABB8B2A0421DE00EFEBDA /* MockData.json */; };
		B1752D3F29A69E240091E8A6 /* RxSwift in Frameworks */ = {isa = PBXBuildFile; productRef = B1752D3E29A69E240091E8A6 /* RxSwift */; };
		B1752D4329A6A7810091E8A6 /* PageViewModel.swift in Sources */ = {isa = PBXBuildFile; fileRef = B1752D4129A6A7810091E8A6 /* PageViewModel.swift */; };
		B1752D4429A6A7810091E8A6 /* PageModel.swift in Sources */ = {isa = PBXBuildFile; fileRef = B1752D4229A6A7810091E8A6 /* PageModel.swift */; };
		B1752D4629A6AA5D0091E8A6 /* RxCocoa in Frameworks */ = {isa = PBXBuildFile; productRef = B1752D4529A6AA5D0091E8A6 /* RxCocoa */; };
		B1D4125E28B0525500121319 /* image1.png in Resources */ = {isa = PBXBuildFile; fileRef = B1D4125B28B0525400121319 /* image1.png */; };
		B1D4125F28B0525500121319 /* image2.png in Resources */ = {isa = PBXBuildFile; fileRef = B1D4125C28B0525400121319 /* image2.png */; };
		B1D4126028B0525500121319 /* image3.png in Resources */ = {isa = PBXBuildFile; fileRef = B1D4125D28B0525400121319 /* image3.png */; };
		B1F712B0286A06880089882F /* .swiftlint.yml in Resources */ = {isa = PBXBuildFile; fileRef = B1F712AF286A06880089882F /* .swiftlint.yml */; };
		B1F712B2286A3C630089882F /* URLHeader.plist in Resources */ = {isa = PBXBuildFile; fileRef = B1F712B1286A3C630089882F /* URLHeader.plist */; };
		B1FABB8A2A041F6700EFEBDA /* MockAPIRequest.swift in Sources */ = {isa = PBXBuildFile; fileRef = B1FABB892A041F6700EFEBDA /* MockAPIRequest.swift */; };
		B1FABB8C2A0421DE00EFEBDA /* MockData.json in Resources */ = {isa = PBXBuildFile; fileRef = B1FABB8B2A0421DE00EFEBDA /* MockData.json */; };
		B1FABB8E2A04221E00EFEBDA /* Mockable.swift in Sources */ = {isa = PBXBuildFile; fileRef = B1FABB8D2A04221E00EFEBDA /* Mockable.swift */; };
/* End PBXBuildFile section */

/* Begin PBXContainerItemProxy section */
		B10EE3622860CFAF00799285 /* PBXContainerItemProxy */ = {
			isa = PBXContainerItemProxy;
			containerPortal = B10EE3402860CFAC00799285 /* Project object */;
			proxyType = 1;
			remoteGlobalIDString = B10EE3472860CFAC00799285;
			remoteInfo = InspirationalQuotes;
		};
		B10EE36C2860CFAF00799285 /* PBXContainerItemProxy */ = {
			isa = PBXContainerItemProxy;
			containerPortal = B10EE3402860CFAC00799285 /* Project object */;
			proxyType = 1;
			remoteGlobalIDString = B10EE3472860CFAC00799285;
			remoteInfo = InspirationalQuotes;
		};
/* End PBXContainerItemProxy section */

/* Begin PBXFileReference section */
		B104D4C929F854DB00F06480 /* PageModel.swift */ = {isa = PBXFileReference; lastKnownFileType = sourcecode.swift; name = PageModel.swift; path = InspirationalQuotes/ViewModel/PageModel.swift; sourceTree = "<group>"; };
		B10E7A8428622E8E00612409 /* DisplayQuotePageViewController.swift */ = {isa = PBXFileReference; lastKnownFileType = sourcecode.swift; path = DisplayQuotePageViewController.swift; sourceTree = "<group>"; };
		B10E7A8928623EC500612409 /* DisplayQuoteDataViewController.swift */ = {isa = PBXFileReference; lastKnownFileType = sourcecode.swift; path = DisplayQuoteDataViewController.swift; sourceTree = "<group>"; };
		B10EE3482860CFAC00799285 /* InspirationalQuotes.app */ = {isa = PBXFileReference; explicitFileType = wrapper.application; includeInIndex = 0; path = InspirationalQuotes.app; sourceTree = BUILT_PRODUCTS_DIR; };
		B10EE34B2860CFAC00799285 /* AppDelegate.swift */ = {isa = PBXFileReference; lastKnownFileType = sourcecode.swift; path = AppDelegate.swift; sourceTree = "<group>"; };
		B10EE34D2860CFAC00799285 /* SceneDelegate.swift */ = {isa = PBXFileReference; lastKnownFileType = sourcecode.swift; path = SceneDelegate.swift; sourceTree = "<group>"; };
		B10EE34F2860CFAC00799285 /* ViewController.swift */ = {isa = PBXFileReference; lastKnownFileType = sourcecode.swift; path = ViewController.swift; sourceTree = "<group>"; };
		B10EE3522860CFAC00799285 /* Base */ = {isa = PBXFileReference; lastKnownFileType = file.storyboard; name = Base; path = Base.lproj/Main.storyboard; sourceTree = "<group>"; };
		B10EE3552860CFAC00799285 /* InspirationalQuotes.xcdatamodel */ = {isa = PBXFileReference; lastKnownFileType = wrapper.xcdatamodel; path = InspirationalQuotes.xcdatamodel; sourceTree = "<group>"; };
		B10EE3572860CFAF00799285 /* Assets.xcassets */ = {isa = PBXFileReference; lastKnownFileType = folder.assetcatalog; path = Assets.xcassets; sourceTree = "<group>"; };
		B10EE35A2860CFAF00799285 /* Base */ = {isa = PBXFileReference; lastKnownFileType = file.storyboard; name = Base; path = Base.lproj/LaunchScreen.storyboard; sourceTree = "<group>"; };
		B10EE35C2860CFAF00799285 /* Info.plist */ = {isa = PBXFileReference; lastKnownFileType = text.plist.xml; path = Info.plist; sourceTree = "<group>"; };
		B10EE3612860CFAF00799285 /* InspirationalQuotesTests.xctest */ = {isa = PBXFileReference; explicitFileType = wrapper.cfbundle; includeInIndex = 0; path = InspirationalQuotesTests.xctest; sourceTree = BUILT_PRODUCTS_DIR; };
		B10EE3652860CFAF00799285 /* InspirationalQuotesTests.swift */ = {isa = PBXFileReference; lastKnownFileType = sourcecode.swift; path = InspirationalQuotesTests.swift; sourceTree = "<group>"; };
		B10EE36B2860CFAF00799285 /* InspirationalQuotesUITests.xctest */ = {isa = PBXFileReference; explicitFileType = wrapper.cfbundle; includeInIndex = 0; path = InspirationalQuotesUITests.xctest; sourceTree = BUILT_PRODUCTS_DIR; };
		B10EE36F2860CFAF00799285 /* InspirationalQuotesUITests.swift */ = {isa = PBXFileReference; lastKnownFileType = sourcecode.swift; path = InspirationalQuotesUITests.swift; sourceTree = "<group>"; };
		B10EE3712860CFAF00799285 /* InspirationalQuotesUITestsLaunchTests.swift */ = {isa = PBXFileReference; lastKnownFileType = sourcecode.swift; path = InspirationalQuotesUITestsLaunchTests.swift; sourceTree = "<group>"; };
		B12C486A28B02C5E004A442D /* ReadMe.md */ = {isa = PBXFileReference; lastKnownFileType = net.daringfireball.markdown; path = ReadMe.md; sourceTree = "<group>"; };
		B12CEC892A04532D0025A1DA /* APIDataRequest.swift */ = {isa = PBXFileReference; lastKnownFileType = sourcecode.swift; path = APIDataRequest.swift; sourceTree = "<group>"; };
		B15FC9A42A05AB0C0032CACB /* PageViewModelTests.swift */ = {isa = PBXFileReference; lastKnownFileType = sourcecode.swift; path = PageViewModelTests.swift; sourceTree = "<group>"; };
		B1752D3D29A69E100091E8A6 /* RxSwift */ = {isa = PBXFileReference; lastKnownFileType = wrapper; name = RxSwift; path = Carthage/Checkouts/RxSwift; sourceTree = "<group>"; };
		B1752D4129A6A7810091E8A6 /* PageViewModel.swift */ = {isa = PBXFileReference; fileEncoding = 4; lastKnownFileType = sourcecode.swift; path = PageViewModel.swift; sourceTree = "<group>"; };
		B1752D4229A6A7810091E8A6 /* PageModel.swift */ = {isa = PBXFileReference; fileEncoding = 4; lastKnownFileType = sourcecode.swift; path = PageModel.swift; sourceTree = "<group>"; };
		B1D4125B28B0525400121319 /* image1.png */ = {isa = PBXFileReference; lastKnownFileType = image.png; path = image1.png; sourceTree = "<group>"; };
		B1D4125C28B0525400121319 /* image2.png */ = {isa = PBXFileReference; lastKnownFileType = image.png; path = image2.png; sourceTree = "<group>"; };
		B1D4125D28B0525400121319 /* image3.png */ = {isa = PBXFileReference; lastKnownFileType = image.png; path = image3.png; sourceTree = "<group>"; };
		B1F712AF286A06880089882F /* .swiftlint.yml */ = {isa = PBXFileReference; lastKnownFileType = text.yaml; path = .swiftlint.yml; sourceTree = "<group>"; };
		B1F712B1286A3C630089882F /* URLHeader.plist */ = {isa = PBXFileReference; lastKnownFileType = text.plist.xml; path = URLHeader.plist; sourceTree = "<group>"; };
		B1FABB892A041F6700EFEBDA /* MockAPIRequest.swift */ = {isa = PBXFileReference; lastKnownFileType = sourcecode.swift; path = MockAPIRequest.swift; sourceTree = "<group>"; };
		B1FABB8B2A0421DE00EFEBDA /* MockData.json */ = {isa = PBXFileReference; lastKnownFileType = text.json; path = MockData.json; sourceTree = "<group>"; };
		B1FABB8D2A04221E00EFEBDA /* Mockable.swift */ = {isa = PBXFileReference; lastKnownFileType = sourcecode.swift; path = Mockable.swift; sourceTree = "<group>"; };
/* End PBXFileReference section */

/* Begin PBXFrameworksBuildPhase section */
		B10EE3452860CFAC00799285 /* Frameworks */ = {
			isa = PBXFrameworksBuildPhase;
			buildActionMask = 2147483647;
			files = (
				B1752D4629A6AA5D0091E8A6 /* RxCocoa in Frameworks */,
				B1752D3F29A69E240091E8A6 /* RxSwift in Frameworks */,
			);
			runOnlyForDeploymentPostprocessing = 0;
		};
		B10EE35E2860CFAF00799285 /* Frameworks */ = {
			isa = PBXFrameworksBuildPhase;
			buildActionMask = 2147483647;
			files = (
			);
			runOnlyForDeploymentPostprocessing = 0;
		};
		B10EE3682860CFAF00799285 /* Frameworks */ = {
			isa = PBXFrameworksBuildPhase;
			buildActionMask = 2147483647;
			files = (
			);
			runOnlyForDeploymentPostprocessing = 0;
		};
/* End PBXFrameworksBuildPhase section */

/* Begin PBXGroup section */
		4BE439EA575B42C202DBA3E7 /* Frameworks */ = {
			isa = PBXGroup;
			children = (
				B1752D3D29A69E100091E8A6 /* RxSwift */,
			);
			name = Frameworks;
			sourceTree = "<group>";
		};
		B10E7A8728622EB500612409 /* ViewControllers */ = {
			isa = PBXGroup;
			children = (
				B10EE34F2860CFAC00799285 /* ViewController.swift */,
				B10E7A8428622E8E00612409 /* DisplayQuotePageViewController.swift */,
				B10E7A8928623EC500612409 /* DisplayQuoteDataViewController.swift */,
			);
			path = ViewControllers;
			sourceTree = "<group>";
		};
		B10E7A8828622EE500612409 /* Storyboards */ = {
			isa = PBXGroup;
			children = (
				B10EE3512860CFAC00799285 /* Main.storyboard */,
				B10EE3592860CFAF00799285 /* LaunchScreen.storyboard */,
			);
			path = Storyboards;
			sourceTree = "<group>";
		};
		B10EE33F2860CFAC00799285 = {
			isa = PBXGroup;
			children = (
				B104D4C929F854DB00F06480 /* PageModel.swift */,
				B12C486A28B02C5E004A442D /* ReadMe.md */,
				B1F712B1286A3C630089882F /* URLHeader.plist */,
				B1F712AF286A06880089882F /* .swiftlint.yml */,
				B10EE34A2860CFAC00799285 /* InspirationalQuotes */,
				B10EE3642860CFAF00799285 /* InspirationalQuotesTests */,
				B10EE36E2860CFAF00799285 /* InspirationalQuotesUITests */,
				B10EE3492860CFAC00799285 /* Products */,
				4BE439EA575B42C202DBA3E7 /* Frameworks */,
			);
			sourceTree = "<group>";
		};
		B10EE3492860CFAC00799285 /* Products */ = {
			isa = PBXGroup;
			children = (
				B10EE3482860CFAC00799285 /* InspirationalQuotes.app */,
				B10EE3612860CFAF00799285 /* InspirationalQuotesTests.xctest */,
				B10EE36B2860CFAF00799285 /* InspirationalQuotesUITests.xctest */,
			);
			name = Products;
			sourceTree = "<group>";
		};
		B10EE34A2860CFAC00799285 /* InspirationalQuotes */ = {
			isa = PBXGroup;
			children = (
				B1D4125A28B0524400121319 /* images */,
				B10EE34B2860CFAC00799285 /* AppDelegate.swift */,
				B10EE34D2860CFAC00799285 /* SceneDelegate.swift */,
				B10E7A8828622EE500612409 /* Storyboards */,
				B1752D4029A6A57F0091E8A6 /* ViewModel */,
				B10E7A8728622EB500612409 /* ViewControllers */,
				B10EE3572860CFAF00799285 /* Assets.xcassets */,
				B10EE35C2860CFAF00799285 /* Info.plist */,
				B10EE3542860CFAC00799285 /* InspirationalQuotes.xcdatamodeld */,
			);
			path = InspirationalQuotes;
			sourceTree = "<group>";
		};
		B10EE3642860CFAF00799285 /* InspirationalQuotesTests */ = {
			isa = PBXGroup;
			children = (
				B10EE3652860CFAF00799285 /* InspirationalQuotesTests.swift */,
				B1FABB892A041F6700EFEBDA /* MockAPIRequest.swift */,
				B1FABB8B2A0421DE00EFEBDA /* MockData.json */,
				B1FABB8D2A04221E00EFEBDA /* Mockable.swift */,
				B15FC9A42A05AB0C0032CACB /* PageViewModelTests.swift */,
			);
			path = InspirationalQuotesTests;
			sourceTree = "<group>";
		};
		B10EE36E2860CFAF00799285 /* InspirationalQuotesUITests */ = {
			isa = PBXGroup;
			children = (
				B10EE36F2860CFAF00799285 /* InspirationalQuotesUITests.swift */,
				B10EE3712860CFAF00799285 /* InspirationalQuotesUITestsLaunchTests.swift */,
			);
			path = InspirationalQuotesUITests;
			sourceTree = "<group>";
		};
		B1752D4029A6A57F0091E8A6 /* ViewModel */ = {
			isa = PBXGroup;
			children = (
				B1752D4229A6A7810091E8A6 /* PageModel.swift */,
				B1752D4129A6A7810091E8A6 /* PageViewModel.swift */,
				B12CEC892A04532D0025A1DA /* APIDataRequest.swift */,
			);
			path = ViewModel;
			sourceTree = "<group>";
		};
		B1D4125A28B0524400121319 /* images */ = {
			isa = PBXGroup;
			children = (
				B1D4125B28B0525400121319 /* image1.png */,
				B1D4125C28B0525400121319 /* image2.png */,
				B1D4125D28B0525400121319 /* image3.png */,
			);
			path = images;
			sourceTree = "<group>";
		};
/* End PBXGroup section */

/* Begin PBXNativeTarget section */
		B10EE3472860CFAC00799285 /* InspirationalQuotes */ = {
			isa = PBXNativeTarget;
			buildConfigurationList = B10EE3752860CFAF00799285 /* Build configuration list for PBXNativeTarget "InspirationalQuotes" */;
			buildPhases = (
				B1787D5528611F6D00F3AC05 /* Run Script */,
				B10EE3442860CFAC00799285 /* Sources */,
				B10EE3452860CFAC00799285 /* Frameworks */,
				B10EE3462860CFAC00799285 /* Resources */,
			);
			buildRules = (
			);
			dependencies = (
			);
			name = InspirationalQuotes;
			packageProductDependencies = (
				B1752D3E29A69E240091E8A6 /* RxSwift */,
				B1752D4529A6AA5D0091E8A6 /* RxCocoa */,
			);
			productName = InspirationalQuotes;
			productReference = B10EE3482860CFAC00799285 /* InspirationalQuotes.app */;
			productType = "com.apple.product-type.application";
		};
		B10EE3602860CFAF00799285 /* InspirationalQuotesTests */ = {
			isa = PBXNativeTarget;
			buildConfigurationList = B10EE3782860CFAF00799285 /* Build configuration list for PBXNativeTarget "InspirationalQuotesTests" */;
			buildPhases = (
				B10EE35D2860CFAF00799285 /* Sources */,
				B10EE35E2860CFAF00799285 /* Frameworks */,
				B10EE35F2860CFAF00799285 /* Resources */,
			);
			buildRules = (
			);
			dependencies = (
				B10EE3632860CFAF00799285 /* PBXTargetDependency */,
			);
			name = InspirationalQuotesTests;
			productName = InspirationalQuotesTests;
			productReference = B10EE3612860CFAF00799285 /* InspirationalQuotesTests.xctest */;
			productType = "com.apple.product-type.bundle.unit-test";
		};
		B10EE36A2860CFAF00799285 /* InspirationalQuotesUITests */ = {
			isa = PBXNativeTarget;
			buildConfigurationList = B10EE37B2860CFAF00799285 /* Build configuration list for PBXNativeTarget "InspirationalQuotesUITests" */;
			buildPhases = (
				B10EE3672860CFAF00799285 /* Sources */,
				B10EE3682860CFAF00799285 /* Frameworks */,
				B10EE3692860CFAF00799285 /* Resources */,
			);
			buildRules = (
			);
			dependencies = (
				B10EE36D2860CFAF00799285 /* PBXTargetDependency */,
			);
			name = InspirationalQuotesUITests;
			productName = InspirationalQuotesUITests;
			productReference = B10EE36B2860CFAF00799285 /* InspirationalQuotesUITests.xctest */;
			productType = "com.apple.product-type.bundle.ui-testing";
		};
/* End PBXNativeTarget section */

/* Begin PBXProject section */
		B10EE3402860CFAC00799285 /* Project object */ = {
			isa = PBXProject;
			attributes = {
				BuildIndependentTargetsInParallel = 1;
				LastSwiftUpdateCheck = 1340;
				LastUpgradeCheck = 1340;
				TargetAttributes = {
					B10EE3472860CFAC00799285 = {
						CreatedOnToolsVersion = 13.4.1;
					};
					B10EE3602860CFAF00799285 = {
						CreatedOnToolsVersion = 13.4.1;
						TestTargetID = B10EE3472860CFAC00799285;
					};
					B10EE36A2860CFAF00799285 = {
						CreatedOnToolsVersion = 13.4.1;
						TestTargetID = B10EE3472860CFAC00799285;
					};
				};
			};
			buildConfigurationList = B10EE3432860CFAC00799285 /* Build configuration list for PBXProject "InspirationalQuotes" */;
			compatibilityVersion = "Xcode 13.0";
			developmentRegion = en;
			hasScannedForEncodings = 0;
			knownRegions = (
				en,
				Base,
			);
			mainGroup = B10EE33F2860CFAC00799285;
			productRefGroup = B10EE3492860CFAC00799285 /* Products */;
			projectDirPath = "";
			projectRoot = "";
			targets = (
				B10EE3472860CFAC00799285 /* InspirationalQuotes */,
				B10EE3602860CFAF00799285 /* InspirationalQuotesTests */,
				B10EE36A2860CFAF00799285 /* InspirationalQuotesUITests */,
			);
		};
/* End PBXProject section */

/* Begin PBXResourcesBuildPhase section */
		B10EE3462860CFAC00799285 /* Resources */ = {
			isa = PBXResourcesBuildPhase;
			buildActionMask = 2147483647;
			files = (
				B1D4125E28B0525500121319 /* image1.png in Resources */,
				B1F712B0286A06880089882F /* .swiftlint.yml in Resources */,
				B1D4125F28B0525500121319 /* image2.png in Resources */,
				B10EE35B2860CFAF00799285 /* LaunchScreen.storyboard in Resources */,
				B1D4126028B0525500121319 /* image3.png in Resources */,
				B1F712B2286A3C630089882F /* URLHeader.plist in Resources */,
				B10EE3582860CFAF00799285 /* Assets.xcassets in Resources */,
				B12C486B28B02C5E004A442D /* ReadMe.md in Resources */,
				B10EE3532860CFAC00799285 /* Main.storyboard in Resources */,
			);
			runOnlyForDeploymentPostprocessing = 0;
		};
		B10EE35F2860CFAF00799285 /* Resources */ = {
			isa = PBXResourcesBuildPhase;
			buildActionMask = 2147483647;
			files = (
				B1FABB8C2A0421DE00EFEBDA /* MockData.json in Resources */,
			);
			runOnlyForDeploymentPostprocessing = 0;
		};
		B10EE3692860CFAF00799285 /* Resources */ = {
			isa = PBXResourcesBuildPhase;
			buildActionMask = 2147483647;
			files = (
			);
			runOnlyForDeploymentPostprocessing = 0;
		};
/* End PBXResourcesBuildPhase section */

/* Begin PBXShellScriptBuildPhase section */
		B1787D5528611F6D00F3AC05 /* Run Script */ = {
			isa = PBXShellScriptBuildPhase;
			buildActionMask = 2147483647;
			files = (
			);
			inputFileListPaths = (
			);
			inputPaths = (
			);
			name = "Run Script";
			outputFileListPaths = (
			);
			outputPaths = (
			);
			runOnlyForDeploymentPostprocessing = 0;
			shellPath = /bin/sh;
			shellScript = "export PATH=\"$PATH:/opt/homebrew/bin\"\nif which swiftlint > /dev/null; then\n      swiftlint autocorrect > /dev/null\n      swiftlint lint --fix --format\n      swiftlint\nelse\n  echo \"warning: SwiftLint not installed, download from https://github.com/realm/SwiftLint\"\nfi\n\n";
		};
/* End PBXShellScriptBuildPhase section */

/* Begin PBXSourcesBuildPhase section */
		B10EE3442860CFAC00799285 /* Sources */ = {
			isa = PBXSourcesBuildPhase;
			buildActionMask = 2147483647;
			files = (
				B1752D4429A6A7810091E8A6 /* PageModel.swift in Sources */,
				B10E7A8A28623EC500612409 /* DisplayQuoteDataViewController.swift in Sources */,
				B10EE3562860CFAC00799285 /* InspirationalQuotes.xcdatamodeld in Sources */,
				B10EE3502860CFAC00799285 /* ViewController.swift in Sources */,
				B1752D4329A6A7810091E8A6 /* PageViewModel.swift in Sources */,
				B10EE34C2860CFAC00799285 /* AppDelegate.swift in Sources */,
				B10E7A8528622E8E00612409 /* DisplayQuotePageViewController.swift in Sources */,
				B12CEC8A2A04532D0025A1DA /* APIDataRequest.swift in Sources */,
				B10EE34E2860CFAC00799285 /* SceneDelegate.swift in Sources */,
			);
			runOnlyForDeploymentPostprocessing = 0;
		};
		B10EE35D2860CFAF00799285 /* Sources */ = {
			isa = PBXSourcesBuildPhase;
			buildActionMask = 2147483647;
			files = (
				B15FC9A72A05B5DC0032CACB /* MockData.json in Sources */,
				B15FC9A62A05B39F0032CACB /* APIDataRequest.swift in Sources */,
				B104D4CA29F854E900F06480 /* PageViewModel.swift in Sources */,
				B104D4C829F853C100F06480 /* PageModel.swift in Sources */,
				B1FABB8A2A041F6700EFEBDA /* MockAPIRequest.swift in Sources */,
				B10E7A8B28623EC500612409 /* DisplayQuoteDataViewController.swift in Sources */,
				B10EE3662860CFAF00799285 /* InspirationalQuotesTests.swift in Sources */,
				B10E7A8628622E8E00612409 /* DisplayQuotePageViewController.swift in Sources */,
				B1FABB8E2A04221E00EFEBDA /* Mockable.swift in Sources */,
				B15FC9A52A05AB0C0032CACB /* PageViewModelTests.swift in Sources */,
			);
			runOnlyForDeploymentPostprocessing = 0;
		};
		B10EE3672860CFAF00799285 /* Sources */ = {
			isa = PBXSourcesBuildPhase;
			buildActionMask = 2147483647;
			files = (
				B10EE3702860CFAF00799285 /* InspirationalQuotesUITests.swift in Sources */,
				B10EE3722860CFAF00799285 /* InspirationalQuotesUITestsLaunchTests.swift in Sources */,
			);
			runOnlyForDeploymentPostprocessing = 0;
		};
/* End PBXSourcesBuildPhase section */

/* Begin PBXTargetDependency section */
		B10EE3632860CFAF00799285 /* PBXTargetDependency */ = {
			isa = PBXTargetDependency;
			target = B10EE3472860CFAC00799285 /* InspirationalQuotes */;
			targetProxy = B10EE3622860CFAF00799285 /* PBXContainerItemProxy */;
		};
		B10EE36D2860CFAF00799285 /* PBXTargetDependency */ = {
			isa = PBXTargetDependency;
			target = B10EE3472860CFAC00799285 /* InspirationalQuotes */;
			targetProxy = B10EE36C2860CFAF00799285 /* PBXContainerItemProxy */;
		};
/* End PBXTargetDependency section */

/* Begin PBXVariantGroup section */
		B10EE3512860CFAC00799285 /* Main.storyboard */ = {
			isa = PBXVariantGroup;
			children = (
				B10EE3522860CFAC00799285 /* Base */,
			);
			name = Main.storyboard;
			sourceTree = "<group>";
		};
		B10EE3592860CFAF00799285 /* LaunchScreen.storyboard */ = {
			isa = PBXVariantGroup;
			children = (
				B10EE35A2860CFAF00799285 /* Base */,
			);
			name = LaunchScreen.storyboard;
			sourceTree = "<group>";
		};
/* End PBXVariantGroup section */

/* Begin XCBuildConfiguration section */
		B10EE3732860CFAF00799285 /* Debug */ = {
			isa = XCBuildConfiguration;
			buildSettings = {
				ALWAYS_SEARCH_USER_PATHS = NO;
				CLANG_ANALYZER_NONNULL = YES;
				CLANG_ANALYZER_NUMBER_OBJECT_CONVERSION = YES_AGGRESSIVE;
				CLANG_CXX_LANGUAGE_STANDARD = "gnu++17";
				CLANG_ENABLE_MODULES = YES;
				CLANG_ENABLE_OBJC_ARC = YES;
				CLANG_ENABLE_OBJC_WEAK = YES;
				CLANG_WARN_BLOCK_CAPTURE_AUTORELEASING = YES;
				CLANG_WARN_BOOL_CONVERSION = YES;
				CLANG_WARN_COMMA = YES;
				CLANG_WARN_CONSTANT_CONVERSION = YES;
				CLANG_WARN_DEPRECATED_OBJC_IMPLEMENTATIONS = YES;
				CLANG_WARN_DIRECT_OBJC_ISA_USAGE = YES_ERROR;
				CLANG_WARN_DOCUMENTATION_COMMENTS = YES;
				CLANG_WARN_EMPTY_BODY = YES;
				CLANG_WARN_ENUM_CONVERSION = YES;
				CLANG_WARN_INFINITE_RECURSION = YES;
				CLANG_WARN_INT_CONVERSION = YES;
				CLANG_WARN_NON_LITERAL_NULL_CONVERSION = YES;
				CLANG_WARN_OBJC_IMPLICIT_RETAIN_SELF = YES;
				CLANG_WARN_OBJC_LITERAL_CONVERSION = YES;
				CLANG_WARN_OBJC_ROOT_CLASS = YES_ERROR;
				CLANG_WARN_QUOTED_INCLUDE_IN_FRAMEWORK_HEADER = YES;
				CLANG_WARN_RANGE_LOOP_ANALYSIS = YES;
				CLANG_WARN_STRICT_PROTOTYPES = YES;
				CLANG_WARN_SUSPICIOUS_MOVE = YES;
				CLANG_WARN_UNGUARDED_AVAILABILITY = YES_AGGRESSIVE;
				CLANG_WARN_UNREACHABLE_CODE = YES;
				CLANG_WARN__DUPLICATE_METHOD_MATCH = YES;
				COPY_PHASE_STRIP = NO;
				DEBUG_INFORMATION_FORMAT = dwarf;
				ENABLE_STRICT_OBJC_MSGSEND = YES;
				ENABLE_TESTABILITY = YES;
				GCC_C_LANGUAGE_STANDARD = gnu11;
				GCC_DYNAMIC_NO_PIC = NO;
				GCC_NO_COMMON_BLOCKS = YES;
				GCC_OPTIMIZATION_LEVEL = 0;
				GCC_PREPROCESSOR_DEFINITIONS = (
					"DEBUG=1",
					"$(inherited)",
				);
				GCC_WARN_64_TO_32_BIT_CONVERSION = YES;
				GCC_WARN_ABOUT_RETURN_TYPE = YES_ERROR;
				GCC_WARN_UNDECLARED_SELECTOR = YES;
				GCC_WARN_UNINITIALIZED_AUTOS = YES_AGGRESSIVE;
				GCC_WARN_UNUSED_FUNCTION = YES;
				GCC_WARN_UNUSED_VARIABLE = YES;
				IPHONEOS_DEPLOYMENT_TARGET = 15.5;
				MTL_ENABLE_DEBUG_INFO = INCLUDE_SOURCE;
				MTL_FAST_MATH = YES;
				ONLY_ACTIVE_ARCH = YES;
				SDKROOT = iphoneos;
				SWIFT_ACTIVE_COMPILATION_CONDITIONS = DEBUG;
				SWIFT_OPTIMIZATION_LEVEL = "-Onone";
				SWIFT_VERSION = 5.0;
			};
			name = Debug;
		};
		B10EE3742860CFAF00799285 /* Release */ = {
			isa = XCBuildConfiguration;
			buildSettings = {
				ALWAYS_SEARCH_USER_PATHS = NO;
				CLANG_ANALYZER_NONNULL = YES;
				CLANG_ANALYZER_NUMBER_OBJECT_CONVERSION = YES_AGGRESSIVE;
				CLANG_CXX_LANGUAGE_STANDARD = "gnu++17";
				CLANG_ENABLE_MODULES = YES;
				CLANG_ENABLE_OBJC_ARC = YES;
				CLANG_ENABLE_OBJC_WEAK = YES;
				CLANG_WARN_BLOCK_CAPTURE_AUTORELEASING = YES;
				CLANG_WARN_BOOL_CONVERSION = YES;
				CLANG_WARN_COMMA = YES;
				CLANG_WARN_CONSTANT_CONVERSION = YES;
				CLANG_WARN_DEPRECATED_OBJC_IMPLEMENTATIONS = YES;
				CLANG_WARN_DIRECT_OBJC_ISA_USAGE = YES_ERROR;
				CLANG_WARN_DOCUMENTATION_COMMENTS = YES;
				CLANG_WARN_EMPTY_BODY = YES;
				CLANG_WARN_ENUM_CONVERSION = YES;
				CLANG_WARN_INFINITE_RECURSION = YES;
				CLANG_WARN_INT_CONVERSION = YES;
				CLANG_WARN_NON_LITERAL_NULL_CONVERSION = YES;
				CLANG_WARN_OBJC_IMPLICIT_RETAIN_SELF = YES;
				CLANG_WARN_OBJC_LITERAL_CONVERSION = YES;
				CLANG_WARN_OBJC_ROOT_CLASS = YES_ERROR;
				CLANG_WARN_QUOTED_INCLUDE_IN_FRAMEWORK_HEADER = YES;
				CLANG_WARN_RANGE_LOOP_ANALYSIS = YES;
				CLANG_WARN_STRICT_PROTOTYPES = YES;
				CLANG_WARN_SUSPICIOUS_MOVE = YES;
				CLANG_WARN_UNGUARDED_AVAILABILITY = YES_AGGRESSIVE;
				CLANG_WARN_UNREACHABLE_CODE = YES;
				CLANG_WARN__DUPLICATE_METHOD_MATCH = YES;
				COPY_PHASE_STRIP = NO;
				DEBUG_INFORMATION_FORMAT = "dwarf-with-dsym";
				ENABLE_NS_ASSERTIONS = NO;
				ENABLE_STRICT_OBJC_MSGSEND = YES;
				GCC_C_LANGUAGE_STANDARD = gnu11;
				GCC_NO_COMMON_BLOCKS = YES;
				GCC_WARN_64_TO_32_BIT_CONVERSION = YES;
				GCC_WARN_ABOUT_RETURN_TYPE = YES_ERROR;
				GCC_WARN_UNDECLARED_SELECTOR = YES;
				GCC_WARN_UNINITIALIZED_AUTOS = YES_AGGRESSIVE;
				GCC_WARN_UNUSED_FUNCTION = YES;
				GCC_WARN_UNUSED_VARIABLE = YES;
				IPHONEOS_DEPLOYMENT_TARGET = 15.5;
				MTL_ENABLE_DEBUG_INFO = NO;
				MTL_FAST_MATH = YES;
				SDKROOT = iphoneos;
				SWIFT_COMPILATION_MODE = wholemodule;
				SWIFT_OPTIMIZATION_LEVEL = "-O";
				SWIFT_VERSION = 5.0;
				VALIDATE_PRODUCT = YES;
			};
			name = Release;
		};
		B10EE3762860CFAF00799285 /* Debug */ = {
			isa = XCBuildConfiguration;
			buildSettings = {
				ASSETCATALOG_COMPILER_APPICON_NAME = AppIcon;
				ASSETCATALOG_COMPILER_GLOBAL_ACCENT_COLOR_NAME = AccentColor;
				CODE_SIGN_IDENTITY = "Apple Development";
				CODE_SIGN_STYLE = Automatic;
				CURRENT_PROJECT_VERSION = 1;
				DEVELOPMENT_TEAM = XQ4F78VC7G;
				GENERATE_INFOPLIST_FILE = YES;
				INFOPLIST_FILE = InspirationalQuotes/Info.plist;
				INFOPLIST_KEY_UIApplicationSupportsIndirectInputEvents = YES;
				INFOPLIST_KEY_UILaunchStoryboardName = LaunchScreen;
				INFOPLIST_KEY_UIMainStoryboardFile = Main;
				INFOPLIST_KEY_UISupportedInterfaceOrientations = UIInterfaceOrientationPortrait;
				INFOPLIST_KEY_UISupportedInterfaceOrientations_iPad = "UIInterfaceOrientationPortrait UIInterfaceOrientationPortraitUpsideDown UIInterfaceOrientationLandscapeLeft UIInterfaceOrientationLandscapeRight";
				INFOPLIST_KEY_UISupportedInterfaceOrientations_iPhone = "UIInterfaceOrientationPortrait UIInterfaceOrientationLandscapeLeft UIInterfaceOrientationLandscapeRight";
				LD_RUNPATH_SEARCH_PATHS = (
					"$(inherited)",
					"@executable_path/Frameworks",
				);
				MARKETING_VERSION = 1.0;
				PRODUCT_BUNDLE_IDENTIFIER = com.binal.InspirationalQuotes;
				PRODUCT_NAME = "$(TARGET_NAME)";
				PROVISIONING_PROFILE_SPECIFIER = "";
				SWIFT_EMIT_LOC_STRINGS = YES;
				SWIFT_VERSION = 5.0;
				TARGETED_DEVICE_FAMILY = 1;
			};
			name = Debug;
		};
		B10EE3772860CFAF00799285 /* Release */ = {
			isa = XCBuildConfiguration;
			buildSettings = {
				ASSETCATALOG_COMPILER_APPICON_NAME = AppIcon;
				ASSETCATALOG_COMPILER_GLOBAL_ACCENT_COLOR_NAME = AccentColor;
				CODE_SIGN_IDENTITY = "Apple Development";
				CODE_SIGN_STYLE = Automatic;
				CURRENT_PROJECT_VERSION = 1;
				DEVELOPMENT_TEAM = XQ4F78VC7G;
				GENERATE_INFOPLIST_FILE = YES;
				INFOPLIST_FILE = InspirationalQuotes/Info.plist;
				INFOPLIST_KEY_UIApplicationSupportsIndirectInputEvents = YES;
				INFOPLIST_KEY_UILaunchStoryboardName = LaunchScreen;
				INFOPLIST_KEY_UIMainStoryboardFile = Main;
				INFOPLIST_KEY_UISupportedInterfaceOrientations = UIInterfaceOrientationPortrait;
				INFOPLIST_KEY_UISupportedInterfaceOrientations_iPad = "UIInterfaceOrientationPortrait UIInterfaceOrientationPortraitUpsideDown UIInterfaceOrientationLandscapeLeft UIInterfaceOrientationLandscapeRight";
				INFOPLIST_KEY_UISupportedInterfaceOrientations_iPhone = "UIInterfaceOrientationPortrait UIInterfaceOrientationLandscapeLeft UIInterfaceOrientationLandscapeRight";
				LD_RUNPATH_SEARCH_PATHS = (
					"$(inherited)",
					"@executable_path/Frameworks",
				);
				MARKETING_VERSION = 1.0;
				PRODUCT_BUNDLE_IDENTIFIER = com.binal.InspirationalQuotes;
				PRODUCT_NAME = "$(TARGET_NAME)";
				PROVISIONING_PROFILE_SPECIFIER = "";
				SWIFT_EMIT_LOC_STRINGS = YES;
				SWIFT_VERSION = 5.0;
				TARGETED_DEVICE_FAMILY = 1;
			};
			name = Release;
		};
		B10EE3792860CFAF00799285 /* Debug */ = {
			isa = XCBuildConfiguration;
			buildSettings = {
				ALWAYS_EMBED_SWIFT_STANDARD_LIBRARIES = YES;
				BUNDLE_LOADER = "$(TEST_HOST)";
				CODE_SIGN_STYLE = Automatic;
				CURRENT_PROJECT_VERSION = 1;
				GENERATE_INFOPLIST_FILE = YES;
				IPHONEOS_DEPLOYMENT_TARGET = 15.5;
				MARKETING_VERSION = 1.0;
				PRODUCT_BUNDLE_IDENTIFIER = com.binal.InspirationalQuotesTests;
				PRODUCT_NAME = "$(TARGET_NAME)";
				SWIFT_EMIT_LOC_STRINGS = NO;
				SWIFT_VERSION = 5.0;
				TARGETED_DEVICE_FAMILY = "1,2";
				TEST_HOST = "$(BUILT_PRODUCTS_DIR)/InspirationalQuotes.app/InspirationalQuotes";
			};
			name = Debug;
		};
		B10EE37A2860CFAF00799285 /* Release */ = {
			isa = XCBuildConfiguration;
			buildSettings = {
				ALWAYS_EMBED_SWIFT_STANDARD_LIBRARIES = YES;
				BUNDLE_LOADER = "$(TEST_HOST)";
				CODE_SIGN_STYLE = Automatic;
				CURRENT_PROJECT_VERSION = 1;
				GENERATE_INFOPLIST_FILE = YES;
				IPHONEOS_DEPLOYMENT_TARGET = 15.5;
				MARKETING_VERSION = 1.0;
				PRODUCT_BUNDLE_IDENTIFIER = com.binal.InspirationalQuotesTests;
				PRODUCT_NAME = "$(TARGET_NAME)";
				SWIFT_EMIT_LOC_STRINGS = NO;
				SWIFT_VERSION = 5.0;
				TARGETED_DEVICE_FAMILY = "1,2";
				TEST_HOST = "$(BUILT_PRODUCTS_DIR)/InspirationalQuotes.app/InspirationalQuotes";
			};
			name = Release;
		};
		B10EE37C2860CFAF00799285 /* Debug */ = {
			isa = XCBuildConfiguration;
			buildSettings = {
				ALWAYS_EMBED_SWIFT_STANDARD_LIBRARIES = YES;
				CODE_SIGN_STYLE = Automatic;
				CURRENT_PROJECT_VERSION = 1;
				GENERATE_INFOPLIST_FILE = YES;
				MARKETING_VERSION = 1.0;
				PRODUCT_BUNDLE_IDENTIFIER = com.binal.InspirationalQuotesUITests;
				PRODUCT_NAME = "$(TARGET_NAME)";
				SWIFT_EMIT_LOC_STRINGS = NO;
				SWIFT_VERSION = 5.0;
				TARGETED_DEVICE_FAMILY = "1,2";
				TEST_TARGET_NAME = InspirationalQuotes;
			};
			name = Debug;
		};
		B10EE37D2860CFAF00799285 /* Release */ = {
			isa = XCBuildConfiguration;
			buildSettings = {
				ALWAYS_EMBED_SWIFT_STANDARD_LIBRARIES = YES;
				CODE_SIGN_STYLE = Automatic;
				CURRENT_PROJECT_VERSION = 1;
				GENERATE_INFOPLIST_FILE = YES;
				MARKETING_VERSION = 1.0;
				PRODUCT_BUNDLE_IDENTIFIER = com.binal.InspirationalQuotesUITests;
				PRODUCT_NAME = "$(TARGET_NAME)";
				SWIFT_EMIT_LOC_STRINGS = NO;
				SWIFT_VERSION = 5.0;
				TARGETED_DEVICE_FAMILY = "1,2";
				TEST_TARGET_NAME = InspirationalQuotes;
			};
			name = Release;
		};
/* End XCBuildConfiguration section */

/* Begin XCConfigurationList section */
		B10EE3432860CFAC00799285 /* Build configuration list for PBXProject "InspirationalQuotes" */ = {
			isa = XCConfigurationList;
			buildConfigurations = (
				B10EE3732860CFAF00799285 /* Debug */,
				B10EE3742860CFAF00799285 /* Release */,
			);
			defaultConfigurationIsVisible = 0;
			defaultConfigurationName = Release;
		};
		B10EE3752860CFAF00799285 /* Build configuration list for PBXNativeTarget "InspirationalQuotes" */ = {
			isa = XCConfigurationList;
			buildConfigurations = (
				B10EE3762860CFAF00799285 /* Debug */,
				B10EE3772860CFAF00799285 /* Release */,
			);
			defaultConfigurationIsVisible = 0;
			defaultConfigurationName = Release;
		};
		B10EE3782860CFAF00799285 /* Build configuration list for PBXNativeTarget "InspirationalQuotesTests" */ = {
			isa = XCConfigurationList;
			buildConfigurations = (
				B10EE3792860CFAF00799285 /* Debug */,
				B10EE37A2860CFAF00799285 /* Release */,
			);
			defaultConfigurationIsVisible = 0;
			defaultConfigurationName = Release;
		};
		B10EE37B2860CFAF00799285 /* Build configuration list for PBXNativeTarget "InspirationalQuotesUITests" */ = {
			isa = XCConfigurationList;
			buildConfigurations = (
				B10EE37C2860CFAF00799285 /* Debug */,
				B10EE37D2860CFAF00799285 /* Release */,
			);
			defaultConfigurationIsVisible = 0;
			defaultConfigurationName = Release;
		};
/* End XCConfigurationList section */

/* Begin XCSwiftPackageProductDependency section */
		B1752D3E29A69E240091E8A6 /* RxSwift */ = {
			isa = XCSwiftPackageProductDependency;
			productName = RxSwift;
		};
		B1752D4529A6AA5D0091E8A6 /* RxCocoa */ = {
			isa = XCSwiftPackageProductDependency;
			productName = RxCocoa;
		};
/* End XCSwiftPackageProductDependency section */

/* Begin XCVersionGroup section */
		B10EE3542860CFAC00799285 /* InspirationalQuotes.xcdatamodeld */ = {
			isa = XCVersionGroup;
			children = (
				B10EE3552860CFAC00799285 /* InspirationalQuotes.xcdatamodel */,
			);
			currentVersion = B10EE3552860CFAC00799285 /* InspirationalQuotes.xcdatamodel */;
			path = InspirationalQuotes.xcdatamodeld;
			sourceTree = "<group>";
			versionGroupType = wrapper.xcdatamodel;
		};
/* End XCVersionGroup section */
	};
	rootObject = B10EE3402860CFAC00799285 /* Project object */;
}
